
Microsoft Visual Studio Solution File, Format Version 12.00
# Visual Studio 14
VisualStudioVersion = 14.0.25420.1
MinimumVisualStudioVersion = 10.0.40219.1
Project("{8BC9CEB8-8B4A-11D0-8D11-00A0C91BC942}") = "CVtest", "CVtest\CVtest.vcxproj", "{57DF6772-9AC0-414B-91C9-1370B5EC53F9}"
EndProject
Project("{8BC9CEB8-8B4A-11D0-8D11-00A0C91BC942}") = "Snow", "Snow\Snow.vcxproj", "{7E1F39F4-0F5E-43DE-A6C7-9B7456FC0E8E}"
EndProject
Project("{8BC9CEB8-8B4A-11D0-8D11-00A0C91BC942}") = "MixImages", "MixImages\MixImages.vcxproj", "{D204C3EC-91CF-4C0C-802C-AD7B07A8B61A}"
EndProject
Project("{8BC9CEB8-8B4A-11D0-8D11-00A0C91BC942}") = "Rain", "Rain\Rain.vcxproj", "{111E3100-909C-4E03-ABD3-661CDD4EB328}"
EndProject
Project("{8BC9CEB8-8B4A-11D0-8D11-00A0C91BC942}") = "ChangeBrightness", "ChangeBrightness\ChangeBrightness.vcxproj", "{19171C73-27BF-4A6A-B56A-8B5D1B56BD61}"
EndProject
Project("{8BC9CEB8-8B4A-11D0-8D11-00A0C91BC942}") = "PaintFigure", "PaintFigure\PaintFigure.vcxproj", "{89DA0093-CDC4-4AE3-8632-6DDCEE84F5A2}"
EndProject
Project("{8BC9CEB8-8B4A-11D0-8D11-00A0C91BC942}") = "PaintFrame", "PaintFrame\PaintFrame.vcxproj", "{E2550F98-60F0-40AB-AB96-354FAEE2262C}"
EndProject
Project("{8BC9CEB8-8B4A-11D0-8D11-00A0C91BC942}") = "Text", "Text\Text.vcxproj", "{7EE815CA-4F1E-4FB8-AD02-DCBD85B6893F}"
EndProject
Project("{8BC9CEB8-8B4A-11D0-8D11-00A0C91BC942}") = "DFT", "DFT\DFT.vcxproj", "{492C0F92-FA35-47B2-8F6F-4915E9DB0D71}"
EndProject
Project("{8BC9CEB8-8B4A-11D0-8D11-00A0C91BC942}") = "SlideGUI", "SlideGUI\SlideGUI.vcxproj", "{AF36CFFF-0F0E-4774-A13E-537E1AC834E1}"
EndProject
Project("{8BC9CEB8-8B4A-11D0-8D11-00A0C91BC942}") = "New and Load Xml", "New and Load Xml\New and Load Xml.vcxproj", "{D989D04E-07D7-413A-93AA-E974ADE7AC8A}"
EndProject
Project("{8BC9CEB8-8B4A-11D0-8D11-00A0C91BC942}") = "Color2Gray", "Color2Gray\Color2Gray.vcxproj", "{F1CDB59B-DB18-4717-B86C-75944C32E0A2}"
EndProject
Global
	GlobalSection(SolutionConfigurationPlatforms) = preSolution
		Debug|Any CPU = Debug|Any CPU
		Debug|ARM = Debug|ARM
		Debug|Win32 = Debug|Win32
		Debug|x64 = Debug|x64
		Release|Any CPU = Release|Any CPU
		Release|ARM = Release|ARM
		Release|Win32 = Release|Win32
		Release|x64 = Release|x64
	EndGlobalSection
	GlobalSection(ProjectConfigurationPlatforms) = postSolution
		{57DF6772-9AC0-414B-91C9-1370B5EC53F9}.Debug|Any CPU.ActiveCfg = Debug|Win32
		{57DF6772-9AC0-414B-91C9-1370B5EC53F9}.Debug|ARM.ActiveCfg = Debug|Win32
		{57DF6772-9AC0-414B-91C9-1370B5EC53F9}.Debug|Win32.ActiveCfg = Debug|Win32
		{57DF6772-9AC0-414B-91C9-1370B5EC53F9}.Debug|Win32.Build.0 = Debug|Win32
		{57DF6772-9AC0-414B-91C9-1370B5EC53F9}.Debug|x64.ActiveCfg = Debug|x64
		{57DF6772-9AC0-414B-91C9-1370B5EC53F9}.Debug|x64.Build.0 = Debug|x64
		{57DF6772-9AC0-414B-91C9-1370B5EC53F9}.Release|Any CPU.ActiveCfg = Release|Win32
		{57DF6772-9AC0-414B-91C9-1370B5EC53F9}.Release|ARM.ActiveCfg = Release|Win32
		{57DF6772-9AC0-414B-91C9-1370B5EC53F9}.Release|Win32.ActiveCfg = Release|Win32
		{57DF6772-9AC0-414B-91C9-1370B5EC53F9}.Release|Win32.Build.0 = Release|Win32
		{57DF6772-9AC0-414B-91C9-1370B5EC53F9}.Release|x64.ActiveCfg = Release|x64
		{57DF6772-9AC0-414B-91C9-1370B5EC53F9}.Release|x64.Build.0 = Release|x64
		{7E1F39F4-0F5E-43DE-A6C7-9B7456FC0E8E}.Debug|Any CPU.ActiveCfg = Debug|Win32
		{7E1F39F4-0F5E-43DE-A6C7-9B7456FC0E8E}.Debug|ARM.ActiveCfg = Debug|Win32
		{7E1F39F4-0F5E-43DE-A6C7-9B7456FC0E8E}.Debug|Win32.ActiveCfg = Debug|Win32
		{7E1F39F4-0F5E-43DE-A6C7-9B7456FC0E8E}.Debug|Win32.Build.0 = Debug|Win32
		{7E1F39F4-0F5E-43DE-A6C7-9B7456FC0E8E}.Debug|x64.ActiveCfg = Debug|x64
		{7E1F39F4-0F5E-43DE-A6C7-9B7456FC0E8E}.Debug|x64.Build.0 = Debug|x64
		{7E1F39F4-0F5E-43DE-A6C7-9B7456FC0E8E}.Release|Any CPU.ActiveCfg = Release|Win32
		{7E1F39F4-0F5E-43DE-A6C7-9B7456FC0E8E}.Release|ARM.ActiveCfg = Release|Win32
		{7E1F39F4-0F5E-43DE-A6C7-9B7456FC0E8E}.Release|Win32.ActiveCfg = Release|Win32
		{7E1F39F4-0F5E-43DE-A6C7-9B7456FC0E8E}.Release|Win32.Build.0 = Release|Win32
		{7E1F39F4-0F5E-43DE-A6C7-9B7456FC0E8E}.Release|x64.ActiveCfg = Release|x64
		{7E1F39F4-0F5E-43DE-A6C7-9B7456FC0E8E}.Release|x64.Build.0 = Release|x64
		{D204C3EC-91CF-4C0C-802C-AD7B07A8B61A}.Debug|Any CPU.ActiveCfg = Debug|Win32
		{D204C3EC-91CF-4C0C-802C-AD7B07A8B61A}.Debug|ARM.ActiveCfg = Debug|Win32
		{D204C3EC-91CF-4C0C-802C-AD7B07A8B61A}.Debug|Win32.ActiveCfg = Debug|Win32
		{D204C3EC-91CF-4C0C-802C-AD7B07A8B61A}.Debug|Win32.Build.0 = Debug|Win32
		{D204C3EC-91CF-4C0C-802C-AD7B07A8B61A}.Debug|x64.ActiveCfg = Debug|x64
		{D204C3EC-91CF-4C0C-802C-AD7B07A8B61A}.Debug|x64.Build.0 = Debug|x64
		{D204C3EC-91CF-4C0C-802C-AD7B07A8B61A}.Release|Any CPU.ActiveCfg = Release|Win32
		{D204C3EC-91CF-4C0C-802C-AD7B07A8B61A}.Release|ARM.ActiveCfg = Release|Win32
		{D204C3EC-91CF-4C0C-802C-AD7B07A8B61A}.Release|Win32.ActiveCfg = Release|Win32
		{D204C3EC-91CF-4C0C-802C-AD7B07A8B61A}.Release|Win32.Build.0 = Release|Win32
		{D204C3EC-91CF-4C0C-802C-AD7B07A8B61A}.Release|x64.ActiveCfg = Release|x64
		{D204C3EC-91CF-4C0C-802C-AD7B07A8B61A}.Release|x64.Build.0 = Release|x64
		{111E3100-909C-4E03-ABD3-661CDD4EB328}.Debug|Any CPU.ActiveCfg = Debug|Win32
		{111E3100-909C-4E03-ABD3-661CDD4EB328}.Debug|ARM.ActiveCfg = Debug|Win32
		{111E3100-909C-4E03-ABD3-661CDD4EB328}.Debug|Win32.ActiveCfg = Debug|Win32
		{111E3100-909C-4E03-ABD3-661CDD4EB328}.Debug|Win32.Build.0 = Debug|Win32
		{111E3100-909C-4E03-ABD3-661CDD4EB328}.Debug|x64.ActiveCfg = Debug|x64
		{111E3100-909C-4E03-ABD3-661CDD4EB328}.Debug|x64.Build.0 = Debug|x64
		{111E3100-909C-4E03-ABD3-661CDD4EB328}.Release|Any CPU.ActiveCfg = Release|Win32
		{111E3100-909C-4E03-ABD3-661CDD4EB328}.Release|ARM.ActiveCfg = Release|Win32
		{111E3100-909C-4E03-ABD3-661CDD4EB328}.Release|Win32.ActiveCfg = Release|Win32
		{111E3100-909C-4E03-ABD3-661CDD4EB328}.Release|Win32.Build.0 = Release|Win32
		{111E3100-909C-4E03-ABD3-661CDD4EB328}.Release|x64.ActiveCfg = Release|x64
		{111E3100-909C-4E03-ABD3-661CDD4EB328}.Release|x64.Build.0 = Release|x64
		{19171C73-27BF-4A6A-B56A-8B5D1B56BD61}.Debug|Any CPU.ActiveCfg = Debug|Win32
		{19171C73-27BF-4A6A-B56A-8B5D1B56BD61}.Debug|ARM.ActiveCfg = Debug|Win32
		{19171C73-27BF-4A6A-B56A-8B5D1B56BD61}.Debug|Win32.ActiveCfg = Debug|Win32
		{19171C73-27BF-4A6A-B56A-8B5D1B56BD61}.Debug|Win32.Build.0 = Debug|Win32
		{19171C73-27BF-4A6A-B56A-8B5D1B56BD61}.Debug|x64.ActiveCfg = Debug|x64
		{19171C73-27BF-4A6A-B56A-8B5D1B56BD61}.Debug|x64.Build.0 = Debug|x64
		{19171C73-27BF-4A6A-B56A-8B5D1B56BD61}.Release|Any CPU.ActiveCfg = Release|Win32
		{19171C73-27BF-4A6A-B56A-8B5D1B56BD61}.Release|ARM.ActiveCfg = Release|Win32
		{19171C73-27BF-4A6A-B56A-8B5D1B56BD61}.Release|Win32.ActiveCfg = Release|Win32
		{19171C73-27BF-4A6A-B56A-8B5D1B56BD61}.Release|Win32.Build.0 = Release|Win32
		{19171C73-27BF-4A6A-B56A-8B5D1B56BD61}.Release|x64.ActiveCfg = Release|x64
		{19171C73-27BF-4A6A-B56A-8B5D1B56BD61}.Release|x64.Build.0 = Release|x64
		{89DA0093-CDC4-4AE3-8632-6DDCEE84F5A2}.Debug|Any CPU.ActiveCfg = Debug|Win32
		{89DA0093-CDC4-4AE3-8632-6DDCEE84F5A2}.Debug|ARM.ActiveCfg = Debug|Win32
		{89DA0093-CDC4-4AE3-8632-6DDCEE84F5A2}.Debug|Win32.ActiveCfg = Debug|Win32
		{89DA0093-CDC4-4AE3-8632-6DDCEE84F5A2}.Debug|Win32.Build.0 = Debug|Win32
		{89DA0093-CDC4-4AE3-8632-6DDCEE84F5A2}.Debug|x64.ActiveCfg = Debug|x64
		{89DA0093-CDC4-4AE3-8632-6DDCEE84F5A2}.Debug|x64.Build.0 = Debug|x64
		{89DA0093-CDC4-4AE3-8632-6DDCEE84F5A2}.Release|Any CPU.ActiveCfg = Release|Win32
		{89DA0093-CDC4-4AE3-8632-6DDCEE84F5A2}.Release|ARM.ActiveCfg = Release|Win32
		{89DA0093-CDC4-4AE3-8632-6DDCEE84F5A2}.Release|Win32.ActiveCfg = Release|Win32
		{89DA0093-CDC4-4AE3-8632-6DDCEE84F5A2}.Release|Win32.Build.0 = Release|Win32
		{89DA0093-CDC4-4AE3-8632-6DDCEE84F5A2}.Release|x64.ActiveCfg = Release|x64
		{89DA0093-CDC4-4AE3-8632-6DDCEE84F5A2}.Release|x64.Build.0 = Release|x64
		{E2550F98-60F0-40AB-AB96-354FAEE2262C}.Debug|Any CPU.ActiveCfg = Debug|Win32
		{E2550F98-60F0-40AB-AB96-354FAEE2262C}.Debug|ARM.ActiveCfg = Debug|Win32
		{E2550F98-60F0-40AB-AB96-354FAEE2262C}.Debug|Win32.ActiveCfg = Debug|Win32
		{E2550F98-60F0-40AB-AB96-354FAEE2262C}.Debug|Win32.Build.0 = Debug|Win32
		{E2550F98-60F0-40AB-AB96-354FAEE2262C}.Debug|x64.ActiveCfg = Debug|x64
		{E2550F98-60F0-40AB-AB96-354FAEE2262C}.Debug|x64.Build.0 = Debug|x64
		{E2550F98-60F0-40AB-AB96-354FAEE2262C}.Release|Any CPU.ActiveCfg = Release|Win32
		{E2550F98-60F0-40AB-AB96-354FAEE2262C}.Release|ARM.ActiveCfg = Release|Win32
		{E2550F98-60F0-40AB-AB96-354FAEE2262C}.Release|Win32.ActiveCfg = Release|Win32
		{E2550F98-60F0-40AB-AB96-354FAEE2262C}.Release|Win32.Build.0 = Release|Win32
		{E2550F98-60F0-40AB-AB96-354FAEE2262C}.Release|x64.ActiveCfg = Release|x64
		{E2550F98-60F0-40AB-AB96-354FAEE2262C}.Release|x64.Build.0 = Release|x64
		{7EE815CA-4F1E-4FB8-AD02-DCBD85B6893F}.Debug|Any CPU.ActiveCfg = Debug|Win32
		{7EE815CA-4F1E-4FB8-AD02-DCBD85B6893F}.Debug|ARM.ActiveCfg = Debug|Win32
		{7EE815CA-4F1E-4FB8-AD02-DCBD85B6893F}.Debug|Win32.ActiveCfg = Debug|Win32
		{7EE815CA-4F1E-4FB8-AD02-DCBD85B6893F}.Debug|Win32.Build.0 = Debug|Win32
		{7EE815CA-4F1E-4FB8-AD02-DCBD85B6893F}.Debug|x64.ActiveCfg = Debug|x64
		{7EE815CA-4F1E-4FB8-AD02-DCBD85B6893F}.Debug|x64.Build.0 = Debug|x64
		{7EE815CA-4F1E-4FB8-AD02-DCBD85B6893F}.Release|Any CPU.ActiveCfg = Release|Win32
		{7EE815CA-4F1E-4FB8-AD02-DCBD85B6893F}.Release|ARM.ActiveCfg = Release|Win32
		{7EE815CA-4F1E-4FB8-AD02-DCBD85B6893F}.Release|Win32.ActiveCfg = Release|Win32
		{7EE815CA-4F1E-4FB8-AD02-DCBD85B6893F}.Release|Win32.Build.0 = Release|Win32
		{7EE815CA-4F1E-4FB8-AD02-DCBD85B6893F}.Release|x64.ActiveCfg = Release|x64
		{7EE815CA-4F1E-4FB8-AD02-DCBD85B6893F}.Release|x64.Build.0 = Release|x64
		{492C0F92-FA35-47B2-8F6F-4915E9DB0D71}.Debug|Any CPU.ActiveCfg = Debug|Win32
		{492C0F92-FA35-47B2-8F6F-4915E9DB0D71}.Debug|ARM.ActiveCfg = Debug|Win32
		{492C0F92-FA35-47B2-8F6F-4915E9DB0D71}.Debug|Win32.ActiveCfg = Debug|Win32
		{492C0F92-FA35-47B2-8F6F-4915E9DB0D71}.Debug|Win32.Build.0 = Debug|Win32
		{492C0F92-FA35-47B2-8F6F-4915E9DB0D71}.Debug|x64.ActiveCfg = Debug|x64
		{492C0F92-FA35-47B2-8F6F-4915E9DB0D71}.Debug|x64.Build.0 = Debug|x64
		{492C0F92-FA35-47B2-8F6F-4915E9DB0D71}.Release|Any CPU.ActiveCfg = Release|Win32
		{492C0F92-FA35-47B2-8F6F-4915E9DB0D71}.Release|ARM.ActiveCfg = Release|Win32
		{492C0F92-FA35-47B2-8F6F-4915E9DB0D71}.Release|Win32.ActiveCfg = Release|Win32
		{492C0F92-FA35-47B2-8F6F-4915E9DB0D71}.Release|Win32.Build.0 = Release|Win32
		{492C0F92-FA35-47B2-8F6F-4915E9DB0D71}.Release|x64.ActiveCfg = Release|x64
		{492C0F92-FA35-47B2-8F6F-4915E9DB0D71}.Release|x64.Build.0 = Release|x64
		{AF36CFFF-0F0E-4774-A13E-537E1AC834E1}.Debug|Any CPU.ActiveCfg = Debug|Win32
		{AF36CFFF-0F0E-4774-A13E-537E1AC834E1}.Debug|ARM.ActiveCfg = Debug|Win32
		{AF36CFFF-0F0E-4774-A13E-537E1AC834E1}.Debug|Win32.ActiveCfg = Debug|Win32
		{AF36CFFF-0F0E-4774-A13E-537E1AC834E1}.Debug|Win32.Build.0 = Debug|Win32
		{AF36CFFF-0F0E-4774-A13E-537E1AC834E1}.Debug|x64.ActiveCfg = Debug|x64
		{AF36CFFF-0F0E-4774-A13E-537E1AC834E1}.Debug|x64.Build.0 = Debug|x64
		{AF36CFFF-0F0E-4774-A13E-537E1AC834E1}.Release|Any CPU.ActiveCfg = Release|Win32
		{AF36CFFF-0F0E-4774-A13E-537E1AC834E1}.Release|ARM.ActiveCfg = Release|Win32
		{AF36CFFF-0F0E-4774-A13E-537E1AC834E1}.Release|Win32.ActiveCfg = Release|Win32
		{AF36CFFF-0F0E-4774-A13E-537E1AC834E1}.Release|Win32.Build.0 = Release|Win32
		{AF36CFFF-0F0E-4774-A13E-537E1AC834E1}.Release|x64.ActiveCfg = Release|x64
		{AF36CFFF-0F0E-4774-A13E-537E1AC834E1}.Release|x64.Build.0 = Release|x64
		{D989D04E-07D7-413A-93AA-E974ADE7AC8A}.Debug|Any CPU.ActiveCfg = Debug|Win32
		{D989D04E-07D7-413A-93AA-E974ADE7AC8A}.Debug|ARM.ActiveCfg = Debug|Win32
		{D989D04E-07D7-413A-93AA-E974ADE7AC8A}.Debug|Win32.ActiveCfg = Debug|Win32
		{D989D04E-07D7-413A-93AA-E974ADE7AC8A}.Debug|Win32.Build.0 = Debug|Win32
		{D989D04E-07D7-413A-93AA-E974ADE7AC8A}.Debug|x64.ActiveCfg = Debug|x64
		{D989D04E-07D7-413A-93AA-E974ADE7AC8A}.Debug|x64.Build.0 = Debug|x64
		{D989D04E-07D7-413A-93AA-E974ADE7AC8A}.Release|Any CPU.ActiveCfg = Release|Win32
		{D989D04E-07D7-413A-93AA-E974ADE7AC8A}.Release|ARM.ActiveCfg = Release|Win32
		{D989D04E-07D7-413A-93AA-E974ADE7AC8A}.Release|Win32.ActiveCfg = Release|Win32
		{D989D04E-07D7-413A-93AA-E974ADE7AC8A}.Release|Win32.Build.0 = Release|Win32
		{D989D04E-07D7-413A-93AA-E974ADE7AC8A}.Release|x64.ActiveCfg = Release|x64
		{D989D04E-07D7-413A-93AA-E974ADE7AC8A}.Release|x64.Build.0 = Release|x64
		{F1CDB59B-DB18-4717-B86C-75944C32E0A2}.Debug|Any CPU.ActiveCfg = Debug|Win32
		{F1CDB59B-DB18-4717-B86C-75944C32E0A2}.Debug|ARM.ActiveCfg = Debug|Win32
		{F1CDB59B-DB18-4717-B86C-75944C32E0A2}.Debug|Win32.ActiveCfg = Debug|Win32
		{F1CDB59B-DB18-4717-B86C-75944C32E0A2}.Debug|Win32.Build.0 = Debug|Win32
		{F1CDB59B-DB18-4717-B86C-75944C32E0A2}.Debug|x64.ActiveCfg = Debug|x64
		{F1CDB59B-DB18-4717-B86C-75944C32E0A2}.Debug|x64.Build.0 = Debug|x64
		{F1CDB59B-DB18-4717-B86C-75944C32E0A2}.Release|Any CPU.ActiveCfg = Release|Win32
		{F1CDB59B-DB18-4717-B86C-75944C32E0A2}.Release|ARM.ActiveCfg = Release|Win32
		{F1CDB59B-DB18-4717-B86C-75944C32E0A2}.Release|Win32.ActiveCfg = Release|Win32
		{F1CDB59B-DB18-4717-B86C-75944C32E0A2}.Release|Win32.Build.0 = Release|Win32
		{F1CDB59B-DB18-4717-B86C-75944C32E0A2}.Release|x64.ActiveCfg = Release|x64
		{F1CDB59B-DB18-4717-B86C-75944C32E0A2}.Release|x64.Build.0 = Release|x64
	EndGlobalSection
	GlobalSection(SolutionProperties) = preSolution
		HideSolutionNode = FALSE
	EndGlobalSection
EndGlobal
